<?xml version="1.0" encoding="utf-8"?>
<Project ToolsVersion="4.0" xmlns="http://schemas.microsoft.com/developer/msbuild/2003">
  <ItemGroup>
    <Filter Include="Source Files">
      <UniqueIdentifier>{4FC737F1-C7A5-4376-A066-2A32D752A2FF}</UniqueIdentifier>
      <Extensions>cpp;c;cc;cxx;c++;def;odl;idl;hpj;bat;asm;asmx</Extensions>
    </Filter>
    <Filter Include="Header Files">
      <UniqueIdentifier>{93995380-89BD-4b04-88EB-625FBE52EBFB}</UniqueIdentifier>
      <Extensions>h;hh;hpp;hxx;h++;hm;inl;inc;ipp;xsd</Extensions>
    </Filter>
    <Filter Include="Resource Files">
      <UniqueIdentifier>{67DA6AB6-F800-4c08-8B7A-83BB121AAD01}</UniqueIdentifier>
      <Extensions>rc;ico;cur;bmp;dlg;rc2;rct;bin;rgs;gif;jpg;jpeg;jpe;resx;tiff;tif;png;wav;mfcribbon-ms</Extensions>
    </Filter>
    <Filter Include="Shader">
      <UniqueIdentifier>{6cb34a3b-e53e-4b0e-8510-89b448f2ffbc}</UniqueIdentifier>
    </Filter>
  </ItemGroup>
  <ItemGroup>
    <ClCompile Include="RubiksCube.cpp">
      <Filter>Source Files</Filter>
    </ClCompile>
    <ClCompile Include="GameInterface.cpp">
      <Filter>Source Files</Filter>
    </ClCompile>
    <ClCompile Include="CubeModel.cpp">
      <Filter>Source Files</Filter>
    </ClCompile>
    <ClCompile Include="Cubie.cpp">
      <Filter>Source Files</Filter>
    </ClCompile>
    <ClCompile Include="ShaderUtil.cpp">
      <Filter>Source Files</Filter>
    </ClCompile>
    <ClCompile Include="TestTriangle.cpp">
      <Filter>Source Files</Filter>
    </ClCompile>
    <ClCompile Include="CubieRenderer.cpp">
      <Filter>Source Files</Filter>
    </ClCompile>
    <ClCompile Include="TestCubie.cpp">
      <Filter>Source Files</Filter>
    </ClCompile>
    <ClCompile Include="TestCompoundCube.cpp">
      <Filter>Source Files</Filter>
    </ClCompile>
    <ClCompile Include="KeyboardObserver.cpp">
      <Filter>Source Files</Filter>
    </ClCompile>
    <ClCompile Include="InputSystem.cpp">
      <Filter>Source Files</Filter>
    </ClCompile>
    <ClCompile Include="TestKey.cpp">
      <Filter>Source Files</Filter>
    </ClCompile>
    <ClCompile Include="TestMouse.cpp">
      <Filter>Source Files</Filter>
    </ClCompile>
    <ClCompile Include="TestModel.cpp">
      <Filter>Source Files</Filter>
    </ClCompile>
    <ClCompile Include="RubikGame.cpp">
      <Filter>Source Files</Filter>
    </ClCompile>
  </ItemGroup>
  <ItemGroup>
    <ClInclude Include="GameInterface.h">
      <Filter>Header Files</Filter>
    </ClInclude>
    <ClInclude Include="RubiksCube.h">
      <Filter>Header Files</Filter>
    </ClInclude>
    <ClInclude Include="CubeModel.h">
      <Filter>Header Files</Filter>
    </ClInclude>
    <ClInclude Include="Cubie.h">
      <Filter>Header Files</Filter>
    </ClInclude>
    <ClInclude Include="ShaderUtil.h">
      <Filter>Header Files</Filter>
    </ClInclude>
    <ClInclude Include="TestTriangle.h">
      <Filter>Header Files</Filter>
    </ClInclude>
    <ClInclude Include="CubieRenderer.h">
      <Filter>Header Files</Filter>
    </ClInclude>
    <ClInclude Include="TestCubie.h">
      <Filter>Header Files</Filter>
    </ClInclude>
    <ClInclude Include="TestCompoundCube.h">
      <Filter>Header Files</Filter>
    </ClInclude>
    <ClInclude Include="KeyboardObserver.h">
      <Filter>Header Files</Filter>
    </ClInclude>
    <ClInclude Include="InputSystem.h">
      <Filter>Header Files</Filter>
    </ClInclude>
    <ClInclude Include="TestKey.h">
      <Filter>Header Files</Filter>
    </ClInclude>
    <ClInclude Include="TestMouse.h">
      <Filter>Header Files</Filter>
    </ClInclude>
    <ClInclude Include="TestModel.h">
      <Filter>Header Files</Filter>
    </ClInclude>
    <ClInclude Include="RubikGame.h">
      <Filter>Header Files</Filter>
    </ClInclude>
  </ItemGroup>
  <ItemGroup>
    <CopyFileToFolders Include="FSimple.glsl">
      <Filter>Shader</Filter>
    </CopyFileToFolders>
    <CopyFileToFolders Include="VSimple.glsl">
      <Filter>Shader</Filter>
    </CopyFileToFolders>
    <CopyFileToFolders Include="FColor.glsl">
      <Filter>Shader</Filter>
    </CopyFileToFolders>
    <CopyFileToFolders Include="VColor.glsl">
      <Filter>Shader</Filter>
    </CopyFileToFolders>
    <CopyFileToFolders Include="MovingStones.wav">
      <Filter>Resource Files</Filter>
    </CopyFileToFolders>
  </ItemGroup>
</Project>